
Microsoft Visual Studio Solution File, Format Version 12.00
# Visual Studio Version 17
VisualStudioVersion = 17.4.33213.308
MinimumVisualStudioVersion = 10.0.40219.1
Project("{FAE04EC0-301F-11D3-BF4B-00C04F79EFBC}") = "HashTable", "HashTable.csproj", "{E665E485-956E-49EE-AE02-912551CCC023}"
EndProject
Global
	GlobalSection(SolutionConfigurationPlatforms) = preSolution
		Debug|Any CPU = Debug|Any CPU
		Release|Any CPU = Release|Any CPU
	EndGlobalSection
	GlobalSection(ProjectConfigurationPlatforms) = postSolution
		{E665E485-956E-49EE-AE02-912551CCC023}.Debug|Any CPU.ActiveCfg = Debug|Any CPU
		{E665E485-956E-49EE-AE02-912551CCC023}.Debug|Any CPU.Build.0 = Debug|Any CPU
		{E665E485-956E-49EE-AE02-912551CCC023}.Release|Any CPU.ActiveCfg = Release|Any CPU
		{E665E485-956E-49EE-AE02-912551CCC023}.Release|Any CPU.Build.0 = Release|Any CPU
	EndGlobalSection
	GlobalSection(SolutionProperties) = preSolution
		HideSolutionNode = FALSE
	EndGlobalSection
	GlobalSection(ExtensibilityGlobals) = postSolution
		SolutionGuid = {D8CDFB3B-40DA-4479-A5BA-2A44B238F327}
	EndGlobalSection
EndGlobal
